
Microsoft Visual Studio Solution File, Format Version 12.00
# Visual Studio 15
VisualStudioVersion = 15.0.26124.0
MinimumVisualStudioVersion = 15.0.26124.0
Project("{9A19103F-16F7-4668-BE54-9A1E7A4F7556}") = "R5T.D0041.Construction", "R5T.D0041.Construction\R5T.D0041.Construction.csproj", "{5F96CDA4-668C-47E1-B88F-1879E64575A3}"
EndProject
Project("{9A19103F-16F7-4668-BE54-9A1E7A4F7556}") = "R5T.D0041", "R5T.D0041\R5T.D0041.csproj", "{F6A639C3-52E5-40CE-95DD-B25F190EF6C2}"
EndProject
Project("{2150E333-8FDC-42A3-9474-1A3956D46DE8}") = "_Dependencies", "_Dependencies", "{BBA5EBE0-3A0F-4E7E-BCDC-654A4423C2DB}"
EndProject
Project("{9A19103F-16F7-4668-BE54-9A1E7A4F7556}") = "R5T.D0041.Base", "R5T.D0041.Base\R5T.D0041.Base.csproj", "{CBCFC56C-30C8-4803-9744-4560F2513182}"
EndProject
Project("{9A19103F-16F7-4668-BE54-9A1E7A4F7556}") = "R5T.T0010", "..\..\R5T.T0010\source\R5T.T0010\R5T.T0010.csproj", "{BCA6CC30-AE35-4C48-874B-F3C36232A4FB}"
EndProject
Project("{9A19103F-16F7-4668-BE54-9A1E7A4F7556}") = "R5T.Stagira", "..\..\R5T.Stagira\source\R5T.Stagira\R5T.Stagira.csproj", "{74B12CEF-69F9-4E3A-BBDC-75DDE083855E}"
EndProject
Project("{9A19103F-16F7-4668-BE54-9A1E7A4F7556}") = "R5T.D0041.Default", "R5T.D0041.Default\R5T.D0041.Default.csproj", "{CA63A2F7-B49B-487B-99B6-DA2C61915E09}"
EndProject
Project("{9A19103F-16F7-4668-BE54-9A1E7A4F7556}") = "R5T.Magyar", "..\..\R5T.Magyar\source\R5T.Magyar\R5T.Magyar.csproj", "{7A065793-31E8-4053-87DA-936186D006D9}"
EndProject
Project("{9A19103F-16F7-4668-BE54-9A1E7A4F7556}") = "R5T.Dacia.Extensions", "..\..\R5T.Dacia.Extensions\source\R5T.Dacia.Extensions\R5T.Dacia.Extensions.csproj", "{B40DBC26-5A12-49E7-ADFF-7ACD0B6188FB}"
EndProject
Project("{9A19103F-16F7-4668-BE54-9A1E7A4F7556}") = "R5T.Dacia", "..\..\R5T.Dacia\source\R5T.Dacia\R5T.Dacia.csproj", "{9F07608F-A878-4004-B94B-C1992A7B227D}"
EndProject
Project("{9A19103F-16F7-4668-BE54-9A1E7A4F7556}") = "R5T.D0040.Base", "..\..\R5T.D0040\source\R5T.D0040.Base\R5T.D0040.Base.csproj", "{4EBD9583-2A96-4C33-A615-C6FCDB85FEB2}"
EndProject
Project("{9A19103F-16F7-4668-BE54-9A1E7A4F7556}") = "R5T.D0041.Standard", "R5T.D0041.Standard\R5T.D0041.Standard.csproj", "{62B61569-1DAA-4D9A-9FB4-2EA7E564A2E2}"
EndProject
Project("{9A19103F-16F7-4668-BE54-9A1E7A4F7556}") = "R5T.D0040.Default", "..\..\R5T.D0040\source\R5T.D0040.Default\R5T.D0040.Default.csproj", "{78CB6A6B-48FF-4F6F-8CAA-C3AF4BADE452}"
EndProject
Project("{FAE04EC0-301F-11D3-BF4B-00C04F79EFBC}") = "R5T.D0041.Testing", "R5T.D0041.Testing\R5T.D0041.Testing.csproj", "{082871D5-2DB5-4628-8F63-7239FA424C24}"
EndProject
Project("{9A19103F-16F7-4668-BE54-9A1E7A4F7556}") = "R5T.T0011", "..\..\R5T.T0011\source\R5T.T0011\R5T.T0011.csproj", "{2F5FD870-B95B-482A-812B-E49FF2DE1236}"
EndProject
Project("{9A19103F-16F7-4668-BE54-9A1E7A4F7556}") = "R5T.L0002", "..\..\R5T.L0002\source\R5T.L0002\R5T.L0002.csproj", "{EC796C51-4368-4416-920A-4F210FC5965F}"
EndProject
Project("{FAE04EC0-301F-11D3-BF4B-00C04F79EFBC}") = "R5T.D0041.Default.Testing", "R5T.D0041.Default.Testing\R5T.D0041.Default.Testing.csproj", "{4344559F-23C9-477E-8F2A-7C40CD277D52}"
EndProject
Global
	GlobalSection(SolutionConfigurationPlatforms) = preSolution
		Debug|Any CPU = Debug|Any CPU
		Debug|x64 = Debug|x64
		Debug|x86 = Debug|x86
		Release|Any CPU = Release|Any CPU
		Release|x64 = Release|x64
		Release|x86 = Release|x86
	EndGlobalSection
	GlobalSection(ProjectConfigurationPlatforms) = postSolution
		{5F96CDA4-668C-47E1-B88F-1879E64575A3}.Debug|Any CPU.ActiveCfg = Debug|Any CPU
		{5F96CDA4-668C-47E1-B88F-1879E64575A3}.Debug|Any CPU.Build.0 = Debug|Any CPU
		{5F96CDA4-668C-47E1-B88F-1879E64575A3}.Debug|x64.ActiveCfg = Debug|Any CPU
		{5F96CDA4-668C-47E1-B88F-1879E64575A3}.Debug|x64.Build.0 = Debug|Any CPU
		{5F96CDA4-668C-47E1-B88F-1879E64575A3}.Debug|x86.ActiveCfg = Debug|Any CPU
		{5F96CDA4-668C-47E1-B88F-1879E64575A3}.Debug|x86.Build.0 = Debug|Any CPU
		{5F96CDA4-668C-47E1-B88F-1879E64575A3}.Release|Any CPU.ActiveCfg = Release|Any CPU
		{5F96CDA4-668C-47E1-B88F-1879E64575A3}.Release|Any CPU.Build.0 = Release|Any CPU
		{5F96CDA4-668C-47E1-B88F-1879E64575A3}.Release|x64.ActiveCfg = Release|Any CPU
		{5F96CDA4-668C-47E1-B88F-1879E64575A3}.Release|x64.Build.0 = Release|Any CPU
		{5F96CDA4-668C-47E1-B88F-1879E64575A3}.Release|x86.ActiveCfg = Release|Any CPU
		{5F96CDA4-668C-47E1-B88F-1879E64575A3}.Release|x86.Build.0 = Release|Any CPU
		{F6A639C3-52E5-40CE-95DD-B25F190EF6C2}.Debug|Any CPU.ActiveCfg = Debug|Any CPU
		{F6A639C3-52E5-40CE-95DD-B25F190EF6C2}.Debug|Any CPU.Build.0 = Debug|Any CPU
		{F6A639C3-52E5-40CE-95DD-B25F190EF6C2}.Debug|x64.ActiveCfg = Debug|Any CPU
		{F6A639C3-52E5-40CE-95DD-B25F190EF6C2}.Debug|x64.Build.0 = Debug|Any CPU
		{F6A639C3-52E5-40CE-95DD-B25F190EF6C2}.Debug|x86.ActiveCfg = Debug|Any CPU
		{F6A639C3-52E5-40CE-95DD-B25F190EF6C2}.Debug|x86.Build.0 = Debug|Any CPU
		{F6A639C3-52E5-40CE-95DD-B25F190EF6C2}.Release|Any CPU.ActiveCfg = Release|Any CPU
		{F6A639C3-52E5-40CE-95DD-B25F190EF6C2}.Release|Any CPU.Build.0 = Release|Any CPU
		{F6A639C3-52E5-40CE-95DD-B25F190EF6C2}.Release|x64.ActiveCfg = Release|Any CPU
		{F6A639C3-52E5-40CE-95DD-B25F190EF6C2}.Release|x64.Build.0 = Release|Any CPU
		{F6A639C3-52E5-40CE-95DD-B25F190EF6C2}.Release|x86.ActiveCfg = Release|Any CPU
		{F6A639C3-52E5-40CE-95DD-B25F190EF6C2}.Release|x86.Build.0 = Release|Any CPU
		{CBCFC56C-30C8-4803-9744-4560F2513182}.Debug|Any CPU.ActiveCfg = Debug|Any CPU
		{CBCFC56C-30C8-4803-9744-4560F2513182}.Debug|Any CPU.Build.0 = Debug|Any CPU
		{CBCFC56C-30C8-4803-9744-4560F2513182}.Debug|x64.ActiveCfg = Debug|Any CPU
		{CBCFC56C-30C8-4803-9744-4560F2513182}.Debug|x64.Build.0 = Debug|Any CPU
		{CBCFC56C-30C8-4803-9744-4560F2513182}.Debug|x86.ActiveCfg = Debug|Any CPU
		{CBCFC56C-30C8-4803-9744-4560F2513182}.Debug|x86.Build.0 = Debug|Any CPU
		{CBCFC56C-30C8-4803-9744-4560F2513182}.Release|Any CPU.ActiveCfg = Release|Any CPU
		{CBCFC56C-30C8-4803-9744-4560F2513182}.Release|Any CPU.Build.0 = Release|Any CPU
		{CBCFC56C-30C8-4803-9744-4560F2513182}.Release|x64.ActiveCfg = Release|Any CPU
		{CBCFC56C-30C8-4803-9744-4560F2513182}.Release|x64.Build.0 = Release|Any CPU
		{CBCFC56C-30C8-4803-9744-4560F2513182}.Release|x86.ActiveCfg = Release|Any CPU
		{CBCFC56C-30C8-4803-9744-4560F2513182}.Release|x86.Build.0 = Release|Any CPU
		{BCA6CC30-AE35-4C48-874B-F3C36232A4FB}.Debug|Any CPU.ActiveCfg = Debug|Any CPU
		{BCA6CC30-AE35-4C48-874B-F3C36232A4FB}.Debug|Any CPU.Build.0 = Debug|Any CPU
		{BCA6CC30-AE35-4C48-874B-F3C36232A4FB}.Debug|x64.ActiveCfg = Debug|Any CPU
		{BCA6CC30-AE35-4C48-874B-F3C36232A4FB}.Debug|x64.Build.0 = Debug|Any CPU
		{BCA6CC30-AE35-4C48-874B-F3C36232A4FB}.Debug|x86.ActiveCfg = Debug|Any CPU
		{BCA6CC30-AE35-4C48-874B-F3C36232A4FB}.Debug|x86.Build.0 = Debug|Any CPU
		{BCA6CC30-AE35-4C48-874B-F3C36232A4FB}.Release|Any CPU.ActiveCfg = Release|Any CPU
		{BCA6CC30-AE35-4C48-874B-F3C36232A4FB}.Release|Any CPU.Build.0 = Release|Any CPU
		{BCA6CC30-AE35-4C48-874B-F3C36232A4FB}.Release|x64.ActiveCfg = Release|Any CPU
		{BCA6CC30-AE35-4C48-874B-F3C36232A4FB}.Release|x64.Build.0 = Release|Any CPU
		{BCA6CC30-AE35-4C48-874B-F3C36232A4FB}.Release|x86.ActiveCfg = Release|Any CPU
		{BCA6CC30-AE35-4C48-874B-F3C36232A4FB}.Release|x86.Build.0 = Release|Any CPU
		{74B12CEF-69F9-4E3A-BBDC-75DDE083855E}.Debug|Any CPU.ActiveCfg = Debug|Any CPU
		{74B12CEF-69F9-4E3A-BBDC-75DDE083855E}.Debug|Any CPU.Build.0 = Debug|Any CPU
		{74B12CEF-69F9-4E3A-BBDC-75DDE083855E}.Debug|x64.ActiveCfg = Debug|Any CPU
		{74B12CEF-69F9-4E3A-BBDC-75DDE083855E}.Debug|x64.Build.0 = Debug|Any CPU
		{74B12CEF-69F9-4E3A-BBDC-75DDE083855E}.Debug|x86.ActiveCfg = Debug|Any CPU
		{74B12CEF-69F9-4E3A-BBDC-75DDE083855E}.Debug|x86.Build.0 = Debug|Any CPU
		{74B12CEF-69F9-4E3A-BBDC-75DDE083855E}.Release|Any CPU.ActiveCfg = Release|Any CPU
		{74B12CEF-69F9-4E3A-BBDC-75DDE083855E}.Release|Any CPU.Build.0 = Release|Any CPU
		{74B12CEF-69F9-4E3A-BBDC-75DDE083855E}.Release|x64.ActiveCfg = Release|Any CPU
		{74B12CEF-69F9-4E3A-BBDC-75DDE083855E}.Release|x64.Build.0 = Release|Any CPU
		{74B12CEF-69F9-4E3A-BBDC-75DDE083855E}.Release|x86.ActiveCfg = Release|Any CPU
		{74B12CEF-69F9-4E3A-BBDC-75DDE083855E}.Release|x86.Build.0 = Release|Any CPU
		{CA63A2F7-B49B-487B-99B6-DA2C61915E09}.Debug|Any CPU.ActiveCfg = Debug|Any CPU
		{CA63A2F7-B49B-487B-99B6-DA2C61915E09}.Debug|Any CPU.Build.0 = Debug|Any CPU
		{CA63A2F7-B49B-487B-99B6-DA2C61915E09}.Debug|x64.ActiveCfg = Debug|Any CPU
		{CA63A2F7-B49B-487B-99B6-DA2C61915E09}.Debug|x64.Build.0 = Debug|Any CPU
		{CA63A2F7-B49B-487B-99B6-DA2C61915E09}.Debug|x86.ActiveCfg = Debug|Any CPU
		{CA63A2F7-B49B-487B-99B6-DA2C61915E09}.Debug|x86.Build.0 = Debug|Any CPU
		{CA63A2F7-B49B-487B-99B6-DA2C61915E09}.Release|Any CPU.ActiveCfg = Release|Any CPU
		{CA63A2F7-B49B-487B-99B6-DA2C61915E09}.Release|Any CPU.Build.0 = Release|Any CPU
		{CA63A2F7-B49B-487B-99B6-DA2C61915E09}.Release|x64.ActiveCfg = Release|Any CPU
		{CA63A2F7-B49B-487B-99B6-DA2C61915E09}.Release|x64.Build.0 = Release|Any CPU
		{CA63A2F7-B49B-487B-99B6-DA2C61915E09}.Release|x86.ActiveCfg = Release|Any CPU
		{CA63A2F7-B49B-487B-99B6-DA2C61915E09}.Release|x86.Build.0 = Release|Any CPU
		{7A065793-31E8-4053-87DA-936186D006D9}.Debug|Any CPU.ActiveCfg = Debug|Any CPU
		{7A065793-31E8-4053-87DA-936186D006D9}.Debug|Any CPU.Build.0 = Debug|Any CPU
		{7A065793-31E8-4053-87DA-936186D006D9}.Debug|x64.ActiveCfg = Debug|Any CPU
		{7A065793-31E8-4053-87DA-936186D006D9}.Debug|x64.Build.0 = Debug|Any CPU
		{7A065793-31E8-4053-87DA-936186D006D9}.Debug|x86.ActiveCfg = Debug|Any CPU
		{7A065793-31E8-4053-87DA-936186D006D9}.Debug|x86.Build.0 = Debug|Any CPU
		{7A065793-31E8-4053-87DA-936186D006D9}.Release|Any CPU.ActiveCfg = Release|Any CPU
		{7A065793-31E8-4053-87DA-936186D006D9}.Release|Any CPU.Build.0 = Release|Any CPU
		{7A065793-31E8-4053-87DA-936186D006D9}.Release|x64.ActiveCfg = Release|Any CPU
		{7A065793-31E8-4053-87DA-936186D006D9}.Release|x64.Build.0 = Release|Any CPU
		{7A065793-31E8-4053-87DA-936186D006D9}.Release|x86.ActiveCfg = Release|Any CPU
		{7A065793-31E8-4053-87DA-936186D006D9}.Release|x86.Build.0 = Release|Any CPU
		{B40DBC26-5A12-49E7-ADFF-7ACD0B6188FB}.Debug|Any CPU.ActiveCfg = Debug|Any CPU
		{B40DBC26-5A12-49E7-ADFF-7ACD0B6188FB}.Debug|Any CPU.Build.0 = Debug|Any CPU
		{B40DBC26-5A12-49E7-ADFF-7ACD0B6188FB}.Debug|x64.ActiveCfg = Debug|Any CPU
		{B40DBC26-5A12-49E7-ADFF-7ACD0B6188FB}.Debug|x64.Build.0 = Debug|Any CPU
		{B40DBC26-5A12-49E7-ADFF-7ACD0B6188FB}.Debug|x86.ActiveCfg = Debug|Any CPU
		{B40DBC26-5A12-49E7-ADFF-7ACD0B6188FB}.Debug|x86.Build.0 = Debug|Any CPU
		{B40DBC26-5A12-49E7-ADFF-7ACD0B6188FB}.Release|Any CPU.ActiveCfg = Release|Any CPU
		{B40DBC26-5A12-49E7-ADFF-7ACD0B6188FB}.Release|Any CPU.Build.0 = Release|Any CPU
		{B40DBC26-5A12-49E7-ADFF-7ACD0B6188FB}.Release|x64.ActiveCfg = Release|Any CPU
		{B40DBC26-5A12-49E7-ADFF-7ACD0B6188FB}.Release|x64.Build.0 = Release|Any CPU
		{B40DBC26-5A12-49E7-ADFF-7ACD0B6188FB}.Release|x86.ActiveCfg = Release|Any CPU
		{B40DBC26-5A12-49E7-ADFF-7ACD0B6188FB}.Release|x86.Build.0 = Release|Any CPU
		{9F07608F-A878-4004-B94B-C1992A7B227D}.Debug|Any CPU.ActiveCfg = Debug|Any CPU
		{9F07608F-A878-4004-B94B-C1992A7B227D}.Debug|Any CPU.Build.0 = Debug|Any CPU
		{9F07608F-A878-4004-B94B-C1992A7B227D}.Debug|x64.ActiveCfg = Debug|Any CPU
		{9F07608F-A878-4004-B94B-C1992A7B227D}.Debug|x64.Build.0 = Debug|Any CPU
		{9F07608F-A878-4004-B94B-C1992A7B227D}.Debug|x86.ActiveCfg = Debug|Any CPU
		{9F07608F-A878-4004-B94B-C1992A7B227D}.Debug|x86.Build.0 = Debug|Any CPU
		{9F07608F-A878-4004-B94B-C1992A7B227D}.Release|Any CPU.ActiveCfg = Release|Any CPU
		{9F07608F-A878-4004-B94B-C1992A7B227D}.Release|Any CPU.Build.0 = Release|Any CPU
		{9F07608F-A878-4004-B94B-C1992A7B227D}.Release|x64.ActiveCfg = Release|Any CPU
		{9F07608F-A878-4004-B94B-C1992A7B227D}.Release|x64.Build.0 = Release|Any CPU
		{9F07608F-A878-4004-B94B-C1992A7B227D}.Release|x86.ActiveCfg = Release|Any CPU
		{9F07608F-A878-4004-B94B-C1992A7B227D}.Release|x86.Build.0 = Release|Any CPU
		{4EBD9583-2A96-4C33-A615-C6FCDB85FEB2}.Debug|Any CPU.ActiveCfg = Debug|Any CPU
		{4EBD9583-2A96-4C33-A615-C6FCDB85FEB2}.Debug|Any CPU.Build.0 = Debug|Any CPU
		{4EBD9583-2A96-4C33-A615-C6FCDB85FEB2}.Debug|x64.ActiveCfg = Debug|Any CPU
		{4EBD9583-2A96-4C33-A615-C6FCDB85FEB2}.Debug|x64.Build.0 = Debug|Any CPU
		{4EBD9583-2A96-4C33-A615-C6FCDB85FEB2}.Debug|x86.ActiveCfg = Debug|Any CPU
		{4EBD9583-2A96-4C33-A615-C6FCDB85FEB2}.Debug|x86.Build.0 = Debug|Any CPU
		{4EBD9583-2A96-4C33-A615-C6FCDB85FEB2}.Release|Any CPU.ActiveCfg = Release|Any CPU
		{4EBD9583-2A96-4C33-A615-C6FCDB85FEB2}.Release|Any CPU.Build.0 = Release|Any CPU
		{4EBD9583-2A96-4C33-A615-C6FCDB85FEB2}.Release|x64.ActiveCfg = Release|Any CPU
		{4EBD9583-2A96-4C33-A615-C6FCDB85FEB2}.Release|x64.Build.0 = Release|Any CPU
		{4EBD9583-2A96-4C33-A615-C6FCDB85FEB2}.Release|x86.ActiveCfg = Release|Any CPU
		{4EBD9583-2A96-4C33-A615-C6FCDB85FEB2}.Release|x86.Build.0 = Release|Any CPU
		{62B61569-1DAA-4D9A-9FB4-2EA7E564A2E2}.Debug|Any CPU.ActiveCfg = Debug|Any CPU
		{62B61569-1DAA-4D9A-9FB4-2EA7E564A2E2}.Debug|Any CPU.Build.0 = Debug|Any CPU
		{62B61569-1DAA-4D9A-9FB4-2EA7E564A2E2}.Debug|x64.ActiveCfg = Debug|Any CPU
		{62B61569-1DAA-4D9A-9FB4-2EA7E564A2E2}.Debug|x64.Build.0 = Debug|Any CPU
		{62B61569-1DAA-4D9A-9FB4-2EA7E564A2E2}.Debug|x86.ActiveCfg = Debug|Any CPU
		{62B61569-1DAA-4D9A-9FB4-2EA7E564A2E2}.Debug|x86.Build.0 = Debug|Any CPU
		{62B61569-1DAA-4D9A-9FB4-2EA7E564A2E2}.Release|Any CPU.ActiveCfg = Release|Any CPU
		{62B61569-1DAA-4D9A-9FB4-2EA7E564A2E2}.Release|Any CPU.Build.0 = Release|Any CPU
		{62B61569-1DAA-4D9A-9FB4-2EA7E564A2E2}.Release|x64.ActiveCfg = Release|Any CPU
		{62B61569-1DAA-4D9A-9FB4-2EA7E564A2E2}.Release|x64.Build.0 = Release|Any CPU
		{62B61569-1DAA-4D9A-9FB4-2EA7E564A2E2}.Release|x86.ActiveCfg = Release|Any CPU
		{62B61569-1DAA-4D9A-9FB4-2EA7E564A2E2}.Release|x86.Build.0 = Release|Any CPU
		{78CB6A6B-48FF-4F6F-8CAA-C3AF4BADE452}.Debug|Any CPU.ActiveCfg = Debug|Any CPU
		{78CB6A6B-48FF-4F6F-8CAA-C3AF4BADE452}.Debug|Any CPU.Build.0 = Debug|Any CPU
		{78CB6A6B-48FF-4F6F-8CAA-C3AF4BADE452}.Debug|x64.ActiveCfg = Debug|Any CPU
		{78CB6A6B-48FF-4F6F-8CAA-C3AF4BADE452}.Debug|x64.Build.0 = Debug|Any CPU
		{78CB6A6B-48FF-4F6F-8CAA-C3AF4BADE452}.Debug|x86.ActiveCfg = Debug|Any CPU
		{78CB6A6B-48FF-4F6F-8CAA-C3AF4BADE452}.Debug|x86.Build.0 = Debug|Any CPU
		{78CB6A6B-48FF-4F6F-8CAA-C3AF4BADE452}.Release|Any CPU.ActiveCfg = Release|Any CPU
		{78CB6A6B-48FF-4F6F-8CAA-C3AF4BADE452}.Release|Any CPU.Build.0 = Release|Any CPU
		{78CB6A6B-48FF-4F6F-8CAA-C3AF4BADE452}.Release|x64.ActiveCfg = Release|Any CPU
		{78CB6A6B-48FF-4F6F-8CAA-C3AF4BADE452}.Release|x64.Build.0 = Release|Any CPU
		{78CB6A6B-48FF-4F6F-8CAA-C3AF4BADE452}.Release|x86.ActiveCfg = Release|Any CPU
		{78CB6A6B-48FF-4F6F-8CAA-C3AF4BADE452}.Release|x86.Build.0 = Release|Any CPU
		{082871D5-2DB5-4628-8F63-7239FA424C24}.Debug|Any CPU.ActiveCfg = Debug|Any CPU
		{082871D5-2DB5-4628-8F63-7239FA424C24}.Debug|Any CPU.Build.0 = Debug|Any CPU
		{082871D5-2DB5-4628-8F63-7239FA424C24}.Debug|x64.ActiveCfg = Debug|Any CPU
		{082871D5-2DB5-4628-8F63-7239FA424C24}.Debug|x64.Build.0 = Debug|Any CPU
		{082871D5-2DB5-4628-8F63-7239FA424C24}.Debug|x86.ActiveCfg = Debug|Any CPU
		{082871D5-2DB5-4628-8F63-7239FA424C24}.Debug|x86.Build.0 = Debug|Any CPU
		{082871D5-2DB5-4628-8F63-7239FA424C24}.Release|Any CPU.ActiveCfg = Release|Any CPU
		{082871D5-2DB5-4628-8F63-7239FA424C24}.Release|Any CPU.Build.0 = Release|Any CPU
		{082871D5-2DB5-4628-8F63-7239FA424C24}.Release|x64.ActiveCfg = Release|Any CPU
		{082871D5-2DB5-4628-8F63-7239FA424C24}.Release|x64.Build.0 = Release|Any CPU
		{082871D5-2DB5-4628-8F63-7239FA424C24}.Release|x86.ActiveCfg = Release|Any CPU
		{082871D5-2DB5-4628-8F63-7239FA424C24}.Release|x86.Build.0 = Release|Any CPU
		{2F5FD870-B95B-482A-812B-E49FF2DE1236}.Debug|Any CPU.ActiveCfg = Debug|Any CPU
		{2F5FD870-B95B-482A-812B-E49FF2DE1236}.Debug|Any CPU.Build.0 = Debug|Any CPU
		{2F5FD870-B95B-482A-812B-E49FF2DE1236}.Debug|x64.ActiveCfg = Debug|Any CPU
		{2F5FD870-B95B-482A-812B-E49FF2DE1236}.Debug|x64.Build.0 = Debug|Any CPU
		{2F5FD870-B95B-482A-812B-E49FF2DE1236}.Debug|x86.ActiveCfg = Debug|Any CPU
		{2F5FD870-B95B-482A-812B-E49FF2DE1236}.Debug|x86.Build.0 = Debug|Any CPU
		{2F5FD870-B95B-482A-812B-E49FF2DE1236}.Release|Any CPU.ActiveCfg = Release|Any CPU
		{2F5FD870-B95B-482A-812B-E49FF2DE1236}.Release|Any CPU.Build.0 = Release|Any CPU
		{2F5FD870-B95B-482A-812B-E49FF2DE1236}.Release|x64.ActiveCfg = Release|Any CPU
		{2F5FD870-B95B-482A-812B-E49FF2DE1236}.Release|x64.Build.0 = Release|Any CPU
		{2F5FD870-B95B-482A-812B-E49FF2DE1236}.Release|x86.ActiveCfg = Release|Any CPU
		{2F5FD870-B95B-482A-812B-E49FF2DE1236}.Release|x86.Build.0 = Release|Any CPU
		{EC796C51-4368-4416-920A-4F210FC5965F}.Debug|Any CPU.ActiveCfg = Debug|Any CPU
		{EC796C51-4368-4416-920A-4F210FC5965F}.Debug|Any CPU.Build.0 = Debug|Any CPU
		{EC796C51-4368-4416-920A-4F210FC5965F}.Debug|x64.ActiveCfg = Debug|Any CPU
		{EC796C51-4368-4416-920A-4F210FC5965F}.Debug|x64.Build.0 = Debug|Any CPU
		{EC796C51-4368-4416-920A-4F210FC5965F}.Debug|x86.ActiveCfg = Debug|Any CPU
		{EC796C51-4368-4416-920A-4F210FC5965F}.Debug|x86.Build.0 = Debug|Any CPU
		{EC796C51-4368-4416-920A-4F210FC5965F}.Release|Any CPU.ActiveCfg = Release|Any CPU
		{EC796C51-4368-4416-920A-4F210FC5965F}.Release|Any CPU.Build.0 = Release|Any CPU
		{EC796C51-4368-4416-920A-4F210FC5965F}.Release|x64.ActiveCfg = Release|Any CPU
		{EC796C51-4368-4416-920A-4F210FC5965F}.Release|x64.Build.0 = Release|Any CPU
		{EC796C51-4368-4416-920A-4F210FC5965F}.Release|x86.ActiveCfg = Release|Any CPU
		{EC796C51-4368-4416-920A-4F210FC5965F}.Release|x86.Build.0 = Release|Any CPU
		{4344559F-23C9-477E-8F2A-7C40CD277D52}.Debug|Any CPU.ActiveCfg = Debug|Any CPU
		{4344559F-23C9-477E-8F2A-7C40CD277D52}.Debug|Any CPU.Build.0 = Debug|Any CPU
		{4344559F-23C9-477E-8F2A-7C40CD277D52}.Debug|x64.ActiveCfg = Debug|Any CPU
		{4344559F-23C9-477E-8F2A-7C40CD277D52}.Debug|x64.Build.0 = Debug|Any CPU
		{4344559F-23C9-477E-8F2A-7C40CD277D52}.Debug|x86.ActiveCfg = Debug|Any CPU
		{4344559F-23C9-477E-8F2A-7C40CD277D52}.Debug|x86.Build.0 = Debug|Any CPU
		{4344559F-23C9-477E-8F2A-7C40CD277D52}.Release|Any CPU.ActiveCfg = Release|Any CPU
		{4344559F-23C9-477E-8F2A-7C40CD277D52}.Release|Any CPU.Build.0 = Release|Any CPU
		{4344559F-23C9-477E-8F2A-7C40CD277D52}.Release|x64.ActiveCfg = Release|Any CPU
		{4344559F-23C9-477E-8F2A-7C40CD277D52}.Release|x64.Build.0 = Release|Any CPU
		{4344559F-23C9-477E-8F2A-7C40CD277D52}.Release|x86.ActiveCfg = Release|Any CPU
		{4344559F-23C9-477E-8F2A-7C40CD277D52}.Release|x86.Build.0 = Release|Any CPU
	EndGlobalSection
	GlobalSection(SolutionProperties) = preSolution
		HideSolutionNode = FALSE
	EndGlobalSection
	GlobalSection(NestedProjects) = preSolution
		{BCA6CC30-AE35-4C48-874B-F3C36232A4FB} = {BBA5EBE0-3A0F-4E7E-BCDC-654A4423C2DB}
		{74B12CEF-69F9-4E3A-BBDC-75DDE083855E} = {BBA5EBE0-3A0F-4E7E-BCDC-654A4423C2DB}
		{7A065793-31E8-4053-87DA-936186D006D9} = {BBA5EBE0-3A0F-4E7E-BCDC-654A4423C2DB}
		{B40DBC26-5A12-49E7-ADFF-7ACD0B6188FB} = {BBA5EBE0-3A0F-4E7E-BCDC-654A4423C2DB}
		{9F07608F-A878-4004-B94B-C1992A7B227D} = {BBA5EBE0-3A0F-4E7E-BCDC-654A4423C2DB}
		{4EBD9583-2A96-4C33-A615-C6FCDB85FEB2} = {BBA5EBE0-3A0F-4E7E-BCDC-654A4423C2DB}
		{78CB6A6B-48FF-4F6F-8CAA-C3AF4BADE452} = {BBA5EBE0-3A0F-4E7E-BCDC-654A4423C2DB}
		{2F5FD870-B95B-482A-812B-E49FF2DE1236} = {BBA5EBE0-3A0F-4E7E-BCDC-654A4423C2DB}
		{EC796C51-4368-4416-920A-4F210FC5965F} = {BBA5EBE0-3A0F-4E7E-BCDC-654A4423C2DB}
	EndGlobalSection
	GlobalSection(ExtensibilityGlobals) = postSolution
		SolutionGuid = {FB76C8BA-51A4-4DB1-988A-64FDCE89D9A0}
	EndGlobalSection
EndGlobal
