
Microsoft Visual Studio Solution File, Format Version 12.00
# Visual Studio Version 16
VisualStudioVersion = 16.0.30114.105
MinimumVisualStudioVersion = 10.0.40219.1
Project("{FAE04EC0-301F-11D3-BF4B-00C04F79EFBC}") = "R5T.D0041", "R5T.D0041\R5T.D0041.csproj", "{7C07CBD1-E034-495A-B1EA-A134A81251D4}"
EndProject
Project("{FAE04EC0-301F-11D3-BF4B-00C04F79EFBC}") = "R5T.D0041.Base", "R5T.D0041.Base\R5T.D0041.Base.csproj", "{7197D277-5C59-4966-A1B8-F913DB40F2C1}"
EndProject
Project("{FAE04EC0-301F-11D3-BF4B-00C04F79EFBC}") = "R5T.D0041.Construction", "R5T.D0041.Construction\R5T.D0041.Construction.csproj", "{61323CD7-B566-41EE-9870-FF4E01D19001}"
EndProject
Project("{FAE04EC0-301F-11D3-BF4B-00C04F79EFBC}") = "R5T.D0041.Default", "R5T.D0041.Default\R5T.D0041.Default.csproj", "{5F7E5C6B-B5C6-4028-8B44-7E6D048FBF03}"
EndProject
Project("{FAE04EC0-301F-11D3-BF4B-00C04F79EFBC}") = "R5T.D0041.Default.Testing", "R5T.D0041.Default.Testing\R5T.D0041.Default.Testing.csproj", "{1B6BB89C-A1F8-4A91-A55A-E789F000EDD3}"
EndProject
Project("{FAE04EC0-301F-11D3-BF4B-00C04F79EFBC}") = "R5T.D0041.Standard", "R5T.D0041.Standard\R5T.D0041.Standard.csproj", "{91A41331-FEB2-4DE9-ACE5-E2C3EB7B13E5}"
EndProject
Project("{FAE04EC0-301F-11D3-BF4B-00C04F79EFBC}") = "R5T.D0041.Testing", "R5T.D0041.Testing\R5T.D0041.Testing.csproj", "{B3BECADC-CFD6-4729-864B-C5FA98260FFA}"
EndProject
Project("{2150E333-8FDC-42A3-9474-1A3956D46DE8}") = "_Dependencies", "_Dependencies", "{32D72E1A-DB5E-43E1-8EE4-38BD1255DD05}"
EndProject
Project("{FAE04EC0-301F-11D3-BF4B-00C04F79EFBC}") = "R5T.T0064", "..\..\R5T.T0064\source\R5T.T0064\R5T.T0064.csproj", "{7BD97DD9-70A1-4801-AA27-04F27295AE1C}"
EndProject
Global
	GlobalSection(SolutionConfigurationPlatforms) = preSolution
		Debug|Any CPU = Debug|Any CPU
		Debug|x64 = Debug|x64
		Debug|x86 = Debug|x86
		Release|Any CPU = Release|Any CPU
		Release|x64 = Release|x64
		Release|x86 = Release|x86
	EndGlobalSection
	GlobalSection(SolutionProperties) = preSolution
		HideSolutionNode = FALSE
	EndGlobalSection
	GlobalSection(ProjectConfigurationPlatforms) = postSolution
		{7C07CBD1-E034-495A-B1EA-A134A81251D4}.Debug|Any CPU.ActiveCfg = Debug|Any CPU
		{7C07CBD1-E034-495A-B1EA-A134A81251D4}.Debug|Any CPU.Build.0 = Debug|Any CPU
		{7C07CBD1-E034-495A-B1EA-A134A81251D4}.Debug|x64.ActiveCfg = Debug|Any CPU
		{7C07CBD1-E034-495A-B1EA-A134A81251D4}.Debug|x64.Build.0 = Debug|Any CPU
		{7C07CBD1-E034-495A-B1EA-A134A81251D4}.Debug|x86.ActiveCfg = Debug|Any CPU
		{7C07CBD1-E034-495A-B1EA-A134A81251D4}.Debug|x86.Build.0 = Debug|Any CPU
		{7C07CBD1-E034-495A-B1EA-A134A81251D4}.Release|Any CPU.ActiveCfg = Release|Any CPU
		{7C07CBD1-E034-495A-B1EA-A134A81251D4}.Release|Any CPU.Build.0 = Release|Any CPU
		{7C07CBD1-E034-495A-B1EA-A134A81251D4}.Release|x64.ActiveCfg = Release|Any CPU
		{7C07CBD1-E034-495A-B1EA-A134A81251D4}.Release|x64.Build.0 = Release|Any CPU
		{7C07CBD1-E034-495A-B1EA-A134A81251D4}.Release|x86.ActiveCfg = Release|Any CPU
		{7C07CBD1-E034-495A-B1EA-A134A81251D4}.Release|x86.Build.0 = Release|Any CPU
		{7197D277-5C59-4966-A1B8-F913DB40F2C1}.Debug|Any CPU.ActiveCfg = Debug|Any CPU
		{7197D277-5C59-4966-A1B8-F913DB40F2C1}.Debug|Any CPU.Build.0 = Debug|Any CPU
		{7197D277-5C59-4966-A1B8-F913DB40F2C1}.Debug|x64.ActiveCfg = Debug|Any CPU
		{7197D277-5C59-4966-A1B8-F913DB40F2C1}.Debug|x64.Build.0 = Debug|Any CPU
		{7197D277-5C59-4966-A1B8-F913DB40F2C1}.Debug|x86.ActiveCfg = Debug|Any CPU
		{7197D277-5C59-4966-A1B8-F913DB40F2C1}.Debug|x86.Build.0 = Debug|Any CPU
		{7197D277-5C59-4966-A1B8-F913DB40F2C1}.Release|Any CPU.ActiveCfg = Release|Any CPU
		{7197D277-5C59-4966-A1B8-F913DB40F2C1}.Release|Any CPU.Build.0 = Release|Any CPU
		{7197D277-5C59-4966-A1B8-F913DB40F2C1}.Release|x64.ActiveCfg = Release|Any CPU
		{7197D277-5C59-4966-A1B8-F913DB40F2C1}.Release|x64.Build.0 = Release|Any CPU
		{7197D277-5C59-4966-A1B8-F913DB40F2C1}.Release|x86.ActiveCfg = Release|Any CPU
		{7197D277-5C59-4966-A1B8-F913DB40F2C1}.Release|x86.Build.0 = Release|Any CPU
		{61323CD7-B566-41EE-9870-FF4E01D19001}.Debug|Any CPU.ActiveCfg = Debug|Any CPU
		{61323CD7-B566-41EE-9870-FF4E01D19001}.Debug|Any CPU.Build.0 = Debug|Any CPU
		{61323CD7-B566-41EE-9870-FF4E01D19001}.Debug|x64.ActiveCfg = Debug|Any CPU
		{61323CD7-B566-41EE-9870-FF4E01D19001}.Debug|x64.Build.0 = Debug|Any CPU
		{61323CD7-B566-41EE-9870-FF4E01D19001}.Debug|x86.ActiveCfg = Debug|Any CPU
		{61323CD7-B566-41EE-9870-FF4E01D19001}.Debug|x86.Build.0 = Debug|Any CPU
		{61323CD7-B566-41EE-9870-FF4E01D19001}.Release|Any CPU.ActiveCfg = Release|Any CPU
		{61323CD7-B566-41EE-9870-FF4E01D19001}.Release|Any CPU.Build.0 = Release|Any CPU
		{61323CD7-B566-41EE-9870-FF4E01D19001}.Release|x64.ActiveCfg = Release|Any CPU
		{61323CD7-B566-41EE-9870-FF4E01D19001}.Release|x64.Build.0 = Release|Any CPU
		{61323CD7-B566-41EE-9870-FF4E01D19001}.Release|x86.ActiveCfg = Release|Any CPU
		{61323CD7-B566-41EE-9870-FF4E01D19001}.Release|x86.Build.0 = Release|Any CPU
		{5F7E5C6B-B5C6-4028-8B44-7E6D048FBF03}.Debug|Any CPU.ActiveCfg = Debug|Any CPU
		{5F7E5C6B-B5C6-4028-8B44-7E6D048FBF03}.Debug|Any CPU.Build.0 = Debug|Any CPU
		{5F7E5C6B-B5C6-4028-8B44-7E6D048FBF03}.Debug|x64.ActiveCfg = Debug|Any CPU
		{5F7E5C6B-B5C6-4028-8B44-7E6D048FBF03}.Debug|x64.Build.0 = Debug|Any CPU
		{5F7E5C6B-B5C6-4028-8B44-7E6D048FBF03}.Debug|x86.ActiveCfg = Debug|Any CPU
		{5F7E5C6B-B5C6-4028-8B44-7E6D048FBF03}.Debug|x86.Build.0 = Debug|Any CPU
		{5F7E5C6B-B5C6-4028-8B44-7E6D048FBF03}.Release|Any CPU.ActiveCfg = Release|Any CPU
		{5F7E5C6B-B5C6-4028-8B44-7E6D048FBF03}.Release|Any CPU.Build.0 = Release|Any CPU
		{5F7E5C6B-B5C6-4028-8B44-7E6D048FBF03}.Release|x64.ActiveCfg = Release|Any CPU
		{5F7E5C6B-B5C6-4028-8B44-7E6D048FBF03}.Release|x64.Build.0 = Release|Any CPU
		{5F7E5C6B-B5C6-4028-8B44-7E6D048FBF03}.Release|x86.ActiveCfg = Release|Any CPU
		{5F7E5C6B-B5C6-4028-8B44-7E6D048FBF03}.Release|x86.Build.0 = Release|Any CPU
		{1B6BB89C-A1F8-4A91-A55A-E789F000EDD3}.Debug|Any CPU.ActiveCfg = Debug|Any CPU
		{1B6BB89C-A1F8-4A91-A55A-E789F000EDD3}.Debug|Any CPU.Build.0 = Debug|Any CPU
		{1B6BB89C-A1F8-4A91-A55A-E789F000EDD3}.Debug|x64.ActiveCfg = Debug|Any CPU
		{1B6BB89C-A1F8-4A91-A55A-E789F000EDD3}.Debug|x64.Build.0 = Debug|Any CPU
		{1B6BB89C-A1F8-4A91-A55A-E789F000EDD3}.Debug|x86.ActiveCfg = Debug|Any CPU
		{1B6BB89C-A1F8-4A91-A55A-E789F000EDD3}.Debug|x86.Build.0 = Debug|Any CPU
		{1B6BB89C-A1F8-4A91-A55A-E789F000EDD3}.Release|Any CPU.ActiveCfg = Release|Any CPU
		{1B6BB89C-A1F8-4A91-A55A-E789F000EDD3}.Release|Any CPU.Build.0 = Release|Any CPU
		{1B6BB89C-A1F8-4A91-A55A-E789F000EDD3}.Release|x64.ActiveCfg = Release|Any CPU
		{1B6BB89C-A1F8-4A91-A55A-E789F000EDD3}.Release|x64.Build.0 = Release|Any CPU
		{1B6BB89C-A1F8-4A91-A55A-E789F000EDD3}.Release|x86.ActiveCfg = Release|Any CPU
		{1B6BB89C-A1F8-4A91-A55A-E789F000EDD3}.Release|x86.Build.0 = Release|Any CPU
		{91A41331-FEB2-4DE9-ACE5-E2C3EB7B13E5}.Debug|Any CPU.ActiveCfg = Debug|Any CPU
		{91A41331-FEB2-4DE9-ACE5-E2C3EB7B13E5}.Debug|Any CPU.Build.0 = Debug|Any CPU
		{91A41331-FEB2-4DE9-ACE5-E2C3EB7B13E5}.Debug|x64.ActiveCfg = Debug|Any CPU
		{91A41331-FEB2-4DE9-ACE5-E2C3EB7B13E5}.Debug|x64.Build.0 = Debug|Any CPU
		{91A41331-FEB2-4DE9-ACE5-E2C3EB7B13E5}.Debug|x86.ActiveCfg = Debug|Any CPU
		{91A41331-FEB2-4DE9-ACE5-E2C3EB7B13E5}.Debug|x86.Build.0 = Debug|Any CPU
		{91A41331-FEB2-4DE9-ACE5-E2C3EB7B13E5}.Release|Any CPU.ActiveCfg = Release|Any CPU
		{91A41331-FEB2-4DE9-ACE5-E2C3EB7B13E5}.Release|Any CPU.Build.0 = Release|Any CPU
		{91A41331-FEB2-4DE9-ACE5-E2C3EB7B13E5}.Release|x64.ActiveCfg = Release|Any CPU
		{91A41331-FEB2-4DE9-ACE5-E2C3EB7B13E5}.Release|x64.Build.0 = Release|Any CPU
		{91A41331-FEB2-4DE9-ACE5-E2C3EB7B13E5}.Release|x86.ActiveCfg = Release|Any CPU
		{91A41331-FEB2-4DE9-ACE5-E2C3EB7B13E5}.Release|x86.Build.0 = Release|Any CPU
		{B3BECADC-CFD6-4729-864B-C5FA98260FFA}.Debug|Any CPU.ActiveCfg = Debug|Any CPU
		{B3BECADC-CFD6-4729-864B-C5FA98260FFA}.Debug|Any CPU.Build.0 = Debug|Any CPU
		{B3BECADC-CFD6-4729-864B-C5FA98260FFA}.Debug|x64.ActiveCfg = Debug|Any CPU
		{B3BECADC-CFD6-4729-864B-C5FA98260FFA}.Debug|x64.Build.0 = Debug|Any CPU
		{B3BECADC-CFD6-4729-864B-C5FA98260FFA}.Debug|x86.ActiveCfg = Debug|Any CPU
		{B3BECADC-CFD6-4729-864B-C5FA98260FFA}.Debug|x86.Build.0 = Debug|Any CPU
		{B3BECADC-CFD6-4729-864B-C5FA98260FFA}.Release|Any CPU.ActiveCfg = Release|Any CPU
		{B3BECADC-CFD6-4729-864B-C5FA98260FFA}.Release|Any CPU.Build.0 = Release|Any CPU
		{B3BECADC-CFD6-4729-864B-C5FA98260FFA}.Release|x64.ActiveCfg = Release|Any CPU
		{B3BECADC-CFD6-4729-864B-C5FA98260FFA}.Release|x64.Build.0 = Release|Any CPU
		{B3BECADC-CFD6-4729-864B-C5FA98260FFA}.Release|x86.ActiveCfg = Release|Any CPU
		{B3BECADC-CFD6-4729-864B-C5FA98260FFA}.Release|x86.Build.0 = Release|Any CPU
		{7BD97DD9-70A1-4801-AA27-04F27295AE1C}.Debug|Any CPU.ActiveCfg = Debug|Any CPU
		{7BD97DD9-70A1-4801-AA27-04F27295AE1C}.Debug|Any CPU.Build.0 = Debug|Any CPU
		{7BD97DD9-70A1-4801-AA27-04F27295AE1C}.Debug|x64.ActiveCfg = Debug|Any CPU
		{7BD97DD9-70A1-4801-AA27-04F27295AE1C}.Debug|x64.Build.0 = Debug|Any CPU
		{7BD97DD9-70A1-4801-AA27-04F27295AE1C}.Debug|x86.ActiveCfg = Debug|Any CPU
		{7BD97DD9-70A1-4801-AA27-04F27295AE1C}.Debug|x86.Build.0 = Debug|Any CPU
		{7BD97DD9-70A1-4801-AA27-04F27295AE1C}.Release|Any CPU.ActiveCfg = Release|Any CPU
		{7BD97DD9-70A1-4801-AA27-04F27295AE1C}.Release|Any CPU.Build.0 = Release|Any CPU
		{7BD97DD9-70A1-4801-AA27-04F27295AE1C}.Release|x64.ActiveCfg = Release|Any CPU
		{7BD97DD9-70A1-4801-AA27-04F27295AE1C}.Release|x64.Build.0 = Release|Any CPU
		{7BD97DD9-70A1-4801-AA27-04F27295AE1C}.Release|x86.ActiveCfg = Release|Any CPU
		{7BD97DD9-70A1-4801-AA27-04F27295AE1C}.Release|x86.Build.0 = Release|Any CPU
	EndGlobalSection
	GlobalSection(NestedProjects) = preSolution
		{7BD97DD9-70A1-4801-AA27-04F27295AE1C} = {32D72E1A-DB5E-43E1-8EE4-38BD1255DD05}
	EndGlobalSection
EndGlobal
